
Microsoft Visual Studio Solution File, Format Version 12.00
# Visual Studio Version 17
VisualStudioVersion = 17.0.31423.177
MinimumVisualStudioVersion = 10.0.40219.1
Project("{FAE04EC0-301F-11D3-BF4B-00C04F79EFBC}") = "quickTemplates", "quickTemplates.csproj", "{FFE941D6-4C97-45E0-AF61-5F0F1CBEA1B1}"
EndProject
Global
	GlobalSection(SolutionConfigurationPlatforms) = preSolution
		Debug|Any CPU = Debug|Any CPU
		Debug|x64 = Debug|x64
		Release|Any CPU = Release|Any CPU
		Release|x64 = Release|x64
	EndGlobalSection
	GlobalSection(ProjectConfigurationPlatforms) = postSolution
		{FFE941D6-4C97-45E0-AF61-5F0F1CBEA1B1}.Debug|Any CPU.ActiveCfg = Debug|Any CPU
		{FFE941D6-4C97-45E0-AF61-5F0F1CBEA1B1}.Debug|Any CPU.Build.0 = Debug|Any CPU
		{FFE941D6-4C97-45E0-AF61-5F0F1CBEA1B1}.Debug|x64.ActiveCfg = Debug|x64
		{FFE941D6-4C97-45E0-AF61-5F0F1CBEA1B1}.Debug|x64.Build.0 = Debug|x64
		{FFE941D6-4C97-45E0-AF61-5F0F1CBEA1B1}.Release|Any CPU.ActiveCfg = Release|Any CPU
		{FFE941D6-4C97-45E0-AF61-5F0F1CBEA1B1}.Release|Any CPU.Build.0 = Release|Any CPU
		{FFE941D6-4C97-45E0-AF61-5F0F1CBEA1B1}.Release|x64.ActiveCfg = Release|x64
		{FFE941D6-4C97-45E0-AF61-5F0F1CBEA1B1}.Release|x64.Build.0 = Release|x64
	EndGlobalSection
	GlobalSection(SolutionProperties) = preSolution
		HideSolutionNode = FALSE
	EndGlobalSection
	GlobalSection(ExtensibilityGlobals) = postSolution
		SolutionGuid = {98A74EC3-DAAF-41B7-96A5-BCF174A810A3}
	EndGlobalSection
EndGlobal
